PODS:
  - Flutter (1.0.0)
  - universal_ble (0.0.1):
    - Flutter
    - FlutterMacOS

DEPENDENCIES:
  - Flutter (from `Flutter`)
  - universal_ble (from `.symlinks/plugins/universal_ble/darwin`)

EXTERNAL SOURCES:
  Flutter:
    :path: Flutter
  universal_ble:
    :path: ".symlinks/plugins/universal_ble/darwin"

SPEC CHECKSUMS:
  Flutter: cabc95a1d2626b1b06e7179b784ebcf0c0cde467
  universal_ble: ff19787898040d721109c6324472e5dd4bc86adc

PODFILE CHECKSUM: 9ba2bf8683de5cb4909dc7da2d92fd135d2092e3

COCOAPODS: 1.16.2
